
Microsoft Visual Studio Solution File, Format Version 11.00
# Visual Studio 2010
Project("{FAE04EC0-301F-11D3-BF4B-00C04F79EFBC}") = "BaconGameJam6", "BaconGameJam6\BaconGameJam6.csproj", "{9E2BE19F-8301-4FB5-8052-359A2BC6CDBA}"
EndProject
Project("{FAE04EC0-301F-11D3-BF4B-00C04F79EFBC}") = "BaconGameJam6Content", "BaconGameJam6Content\BaconGameJam6Content\BaconGameJam6Content.csproj", "{1F44A730-1E26-4EB6-9851-0C4E178225CD}"
EndProject
Project("{96E2B04D-8817-42C6-938A-82C39BA4D311}") = "BaconGameJam6ContentContent", "BaconGameJam6Content\BaconGameJam6ContentContent\BaconGameJam6ContentContent.contentproj", "{999FED02-ECBE-4597-8CDC-92510A2D1386}"
EndProject
Global
	GlobalSection(SolutionConfigurationPlatforms) = preSolution
		Android|Any CPU = Android|Any CPU
		Android|Mixed Platforms = Android|Mixed Platforms
		Android|x86 = Android|x86
		Debug|Any CPU = Debug|Any CPU
		Debug|Mixed Platforms = Debug|Mixed Platforms
		Debug|x86 = Debug|x86
		iOS|Any CPU = iOS|Any CPU
		iOS|Mixed Platforms = iOS|Mixed Platforms
		iOS|x86 = iOS|x86
		Linux|Any CPU = Linux|Any CPU
		Linux|Mixed Platforms = Linux|Mixed Platforms
		Linux|x86 = Linux|x86
		OSX|Any CPU = OSX|Any CPU
		OSX|Mixed Platforms = OSX|Mixed Platforms
		OSX|x86 = OSX|x86
		PSM|Any CPU = PSM|Any CPU
		PSM|Mixed Platforms = PSM|Mixed Platforms
		PSM|x86 = PSM|x86
		Release|Any CPU = Release|Any CPU
		Release|Mixed Platforms = Release|Mixed Platforms
		Release|x86 = Release|x86
		Windows|Any CPU = Windows|Any CPU
		Windows|Mixed Platforms = Windows|Mixed Platforms
		Windows|x86 = Windows|x86
		Windows8|Any CPU = Windows8|Any CPU
		Windows8|Mixed Platforms = Windows8|Mixed Platforms
		Windows8|x86 = Windows8|x86
	EndGlobalSection
	GlobalSection(ProjectConfigurationPlatforms) = postSolution
		{9E2BE19F-8301-4FB5-8052-359A2BC6CDBA}.Android|Any CPU.ActiveCfg = Release|x86
		{9E2BE19F-8301-4FB5-8052-359A2BC6CDBA}.Android|Mixed Platforms.ActiveCfg = Release|x86
		{9E2BE19F-8301-4FB5-8052-359A2BC6CDBA}.Android|Mixed Platforms.Build.0 = Release|x86
		{9E2BE19F-8301-4FB5-8052-359A2BC6CDBA}.Android|x86.ActiveCfg = Release|x86
		{9E2BE19F-8301-4FB5-8052-359A2BC6CDBA}.Android|x86.Build.0 = Release|x86
		{9E2BE19F-8301-4FB5-8052-359A2BC6CDBA}.Debug|Any CPU.ActiveCfg = Debug|x86
		{9E2BE19F-8301-4FB5-8052-359A2BC6CDBA}.Debug|Mixed Platforms.ActiveCfg = Debug|x86
		{9E2BE19F-8301-4FB5-8052-359A2BC6CDBA}.Debug|Mixed Platforms.Build.0 = Debug|x86
		{9E2BE19F-8301-4FB5-8052-359A2BC6CDBA}.Debug|x86.ActiveCfg = Debug|x86
		{9E2BE19F-8301-4FB5-8052-359A2BC6CDBA}.Debug|x86.Build.0 = Debug|x86
		{9E2BE19F-8301-4FB5-8052-359A2BC6CDBA}.iOS|Any CPU.ActiveCfg = Release|x86
		{9E2BE19F-8301-4FB5-8052-359A2BC6CDBA}.iOS|Mixed Platforms.ActiveCfg = Release|x86
		{9E2BE19F-8301-4FB5-8052-359A2BC6CDBA}.iOS|Mixed Platforms.Build.0 = Release|x86
		{9E2BE19F-8301-4FB5-8052-359A2BC6CDBA}.iOS|x86.ActiveCfg = Release|x86
		{9E2BE19F-8301-4FB5-8052-359A2BC6CDBA}.iOS|x86.Build.0 = Release|x86
		{9E2BE19F-8301-4FB5-8052-359A2BC6CDBA}.Linux|Any CPU.ActiveCfg = Release|x86
		{9E2BE19F-8301-4FB5-8052-359A2BC6CDBA}.Linux|Mixed Platforms.ActiveCfg = Release|x86
		{9E2BE19F-8301-4FB5-8052-359A2BC6CDBA}.Linux|Mixed Platforms.Build.0 = Release|x86
		{9E2BE19F-8301-4FB5-8052-359A2BC6CDBA}.Linux|x86.ActiveCfg = Release|x86
		{9E2BE19F-8301-4FB5-8052-359A2BC6CDBA}.Linux|x86.Build.0 = Release|x86
		{9E2BE19F-8301-4FB5-8052-359A2BC6CDBA}.OSX|Any CPU.ActiveCfg = Release|x86
		{9E2BE19F-8301-4FB5-8052-359A2BC6CDBA}.OSX|Mixed Platforms.ActiveCfg = Release|x86
		{9E2BE19F-8301-4FB5-8052-359A2BC6CDBA}.OSX|Mixed Platforms.Build.0 = Release|x86
		{9E2BE19F-8301-4FB5-8052-359A2BC6CDBA}.OSX|x86.ActiveCfg = Release|x86
		{9E2BE19F-8301-4FB5-8052-359A2BC6CDBA}.OSX|x86.Build.0 = Release|x86
		{9E2BE19F-8301-4FB5-8052-359A2BC6CDBA}.PSM|Any CPU.ActiveCfg = Release|x86
		{9E2BE19F-8301-4FB5-8052-359A2BC6CDBA}.PSM|Mixed Platforms.ActiveCfg = Release|x86
		{9E2BE19F-8301-4FB5-8052-359A2BC6CDBA}.PSM|Mixed Platforms.Build.0 = Release|x86
		{9E2BE19F-8301-4FB5-8052-359A2BC6CDBA}.PSM|x86.ActiveCfg = Release|x86
		{9E2BE19F-8301-4FB5-8052-359A2BC6CDBA}.PSM|x86.Build.0 = Release|x86
		{9E2BE19F-8301-4FB5-8052-359A2BC6CDBA}.Release|Any CPU.ActiveCfg = Release|x86
		{9E2BE19F-8301-4FB5-8052-359A2BC6CDBA}.Release|Mixed Platforms.ActiveCfg = Release|x86
		{9E2BE19F-8301-4FB5-8052-359A2BC6CDBA}.Release|Mixed Platforms.Build.0 = Release|x86
		{9E2BE19F-8301-4FB5-8052-359A2BC6CDBA}.Release|x86.ActiveCfg = Release|x86
		{9E2BE19F-8301-4FB5-8052-359A2BC6CDBA}.Release|x86.Build.0 = Release|x86
		{9E2BE19F-8301-4FB5-8052-359A2BC6CDBA}.Windows|Any CPU.ActiveCfg = Release|x86
		{9E2BE19F-8301-4FB5-8052-359A2BC6CDBA}.Windows|Mixed Platforms.ActiveCfg = Release|x86
		{9E2BE19F-8301-4FB5-8052-359A2BC6CDBA}.Windows|Mixed Platforms.Build.0 = Release|x86
		{9E2BE19F-8301-4FB5-8052-359A2BC6CDBA}.Windows|x86.ActiveCfg = Release|x86
		{9E2BE19F-8301-4FB5-8052-359A2BC6CDBA}.Windows|x86.Build.0 = Release|x86
		{9E2BE19F-8301-4FB5-8052-359A2BC6CDBA}.Windows8|Any CPU.ActiveCfg = Release|x86
		{9E2BE19F-8301-4FB5-8052-359A2BC6CDBA}.Windows8|Mixed Platforms.ActiveCfg = Release|x86
		{9E2BE19F-8301-4FB5-8052-359A2BC6CDBA}.Windows8|Mixed Platforms.Build.0 = Release|x86
		{9E2BE19F-8301-4FB5-8052-359A2BC6CDBA}.Windows8|x86.ActiveCfg = Release|x86
		{9E2BE19F-8301-4FB5-8052-359A2BC6CDBA}.Windows8|x86.Build.0 = Release|x86
		{1F44A730-1E26-4EB6-9851-0C4E178225CD}.Android|Any CPU.ActiveCfg = Android|Any CPU
		{1F44A730-1E26-4EB6-9851-0C4E178225CD}.Android|Any CPU.Build.0 = Android|Any CPU
		{1F44A730-1E26-4EB6-9851-0C4E178225CD}.Android|Mixed Platforms.ActiveCfg = Android|Any CPU
		{1F44A730-1E26-4EB6-9851-0C4E178225CD}.Android|Mixed Platforms.Build.0 = Android|Any CPU
		{1F44A730-1E26-4EB6-9851-0C4E178225CD}.Android|x86.ActiveCfg = Android|Any CPU
		{1F44A730-1E26-4EB6-9851-0C4E178225CD}.Debug|Any CPU.ActiveCfg = PSM|Any CPU
		{1F44A730-1E26-4EB6-9851-0C4E178225CD}.Debug|Any CPU.Build.0 = PSM|Any CPU
		{1F44A730-1E26-4EB6-9851-0C4E178225CD}.Debug|Mixed Platforms.ActiveCfg = PSM|Any CPU
		{1F44A730-1E26-4EB6-9851-0C4E178225CD}.Debug|Mixed Platforms.Build.0 = PSM|Any CPU
		{1F44A730-1E26-4EB6-9851-0C4E178225CD}.Debug|x86.ActiveCfg = PSM|Any CPU
		{1F44A730-1E26-4EB6-9851-0C4E178225CD}.iOS|Any CPU.ActiveCfg = iOS|Any CPU
		{1F44A730-1E26-4EB6-9851-0C4E178225CD}.iOS|Any CPU.Build.0 = iOS|Any CPU
		{1F44A730-1E26-4EB6-9851-0C4E178225CD}.iOS|Mixed Platforms.ActiveCfg = iOS|Any CPU
		{1F44A730-1E26-4EB6-9851-0C4E178225CD}.iOS|Mixed Platforms.Build.0 = iOS|Any CPU
		{1F44A730-1E26-4EB6-9851-0C4E178225CD}.iOS|x86.ActiveCfg = iOS|Any CPU
		{1F44A730-1E26-4EB6-9851-0C4E178225CD}.Linux|Any CPU.ActiveCfg = Linux|Any CPU
		{1F44A730-1E26-4EB6-9851-0C4E178225CD}.Linux|Any CPU.Build.0 = Linux|Any CPU
		{1F44A730-1E26-4EB6-9851-0C4E178225CD}.Linux|Mixed Platforms.ActiveCfg = Linux|Any CPU
		{1F44A730-1E26-4EB6-9851-0C4E178225CD}.Linux|Mixed Platforms.Build.0 = Linux|Any CPU
		{1F44A730-1E26-4EB6-9851-0C4E178225CD}.Linux|x86.ActiveCfg = Linux|Any CPU
		{1F44A730-1E26-4EB6-9851-0C4E178225CD}.OSX|Any CPU.ActiveCfg = OSX|Any CPU
		{1F44A730-1E26-4EB6-9851-0C4E178225CD}.OSX|Any CPU.Build.0 = OSX|Any CPU
		{1F44A730-1E26-4EB6-9851-0C4E178225CD}.OSX|Mixed Platforms.ActiveCfg = OSX|Any CPU
		{1F44A730-1E26-4EB6-9851-0C4E178225CD}.OSX|Mixed Platforms.Build.0 = OSX|Any CPU
		{1F44A730-1E26-4EB6-9851-0C4E178225CD}.OSX|x86.ActiveCfg = OSX|Any CPU
		{1F44A730-1E26-4EB6-9851-0C4E178225CD}.PSM|Any CPU.ActiveCfg = PSM|Any CPU
		{1F44A730-1E26-4EB6-9851-0C4E178225CD}.PSM|Any CPU.Build.0 = PSM|Any CPU
		{1F44A730-1E26-4EB6-9851-0C4E178225CD}.PSM|Mixed Platforms.ActiveCfg = PSM|Any CPU
		{1F44A730-1E26-4EB6-9851-0C4E178225CD}.PSM|Mixed Platforms.Build.0 = PSM|Any CPU
		{1F44A730-1E26-4EB6-9851-0C4E178225CD}.PSM|x86.ActiveCfg = PSM|Any CPU
		{1F44A730-1E26-4EB6-9851-0C4E178225CD}.Release|Any CPU.ActiveCfg = PSM|Any CPU
		{1F44A730-1E26-4EB6-9851-0C4E178225CD}.Release|Any CPU.Build.0 = PSM|Any CPU
		{1F44A730-1E26-4EB6-9851-0C4E178225CD}.Release|Mixed Platforms.ActiveCfg = PSM|Any CPU
		{1F44A730-1E26-4EB6-9851-0C4E178225CD}.Release|Mixed Platforms.Build.0 = PSM|Any CPU
		{1F44A730-1E26-4EB6-9851-0C4E178225CD}.Release|x86.ActiveCfg = PSM|Any CPU
		{1F44A730-1E26-4EB6-9851-0C4E178225CD}.Windows|Any CPU.ActiveCfg = Windows|Any CPU
		{1F44A730-1E26-4EB6-9851-0C4E178225CD}.Windows|Any CPU.Build.0 = Windows|Any CPU
		{1F44A730-1E26-4EB6-9851-0C4E178225CD}.Windows|Mixed Platforms.ActiveCfg = Windows|Any CPU
		{1F44A730-1E26-4EB6-9851-0C4E178225CD}.Windows|Mixed Platforms.Build.0 = Windows|Any CPU
		{1F44A730-1E26-4EB6-9851-0C4E178225CD}.Windows|x86.ActiveCfg = Windows|Any CPU
		{1F44A730-1E26-4EB6-9851-0C4E178225CD}.Windows8|Any CPU.ActiveCfg = Windows8|Any CPU
		{1F44A730-1E26-4EB6-9851-0C4E178225CD}.Windows8|Any CPU.Build.0 = Windows8|Any CPU
		{1F44A730-1E26-4EB6-9851-0C4E178225CD}.Windows8|Mixed Platforms.ActiveCfg = Windows8|Any CPU
		{1F44A730-1E26-4EB6-9851-0C4E178225CD}.Windows8|Mixed Platforms.Build.0 = Windows8|Any CPU
		{1F44A730-1E26-4EB6-9851-0C4E178225CD}.Windows8|x86.ActiveCfg = Windows8|Any CPU
		{999FED02-ECBE-4597-8CDC-92510A2D1386}.Android|Any CPU.ActiveCfg = Android|Any CPU
		{999FED02-ECBE-4597-8CDC-92510A2D1386}.Android|Mixed Platforms.ActiveCfg = Android|Any CPU
		{999FED02-ECBE-4597-8CDC-92510A2D1386}.Android|x86.ActiveCfg = Android|Any CPU
		{999FED02-ECBE-4597-8CDC-92510A2D1386}.Debug|Any CPU.ActiveCfg = PSM|Any CPU
		{999FED02-ECBE-4597-8CDC-92510A2D1386}.Debug|Mixed Platforms.ActiveCfg = PSM|Any CPU
		{999FED02-ECBE-4597-8CDC-92510A2D1386}.Debug|x86.ActiveCfg = PSM|Any CPU
		{999FED02-ECBE-4597-8CDC-92510A2D1386}.iOS|Any CPU.ActiveCfg = iOS|Any CPU
		{999FED02-ECBE-4597-8CDC-92510A2D1386}.iOS|Mixed Platforms.ActiveCfg = iOS|Any CPU
		{999FED02-ECBE-4597-8CDC-92510A2D1386}.iOS|x86.ActiveCfg = iOS|Any CPU
		{999FED02-ECBE-4597-8CDC-92510A2D1386}.Linux|Any CPU.ActiveCfg = Linux|Any CPU
		{999FED02-ECBE-4597-8CDC-92510A2D1386}.Linux|Mixed Platforms.ActiveCfg = Linux|Any CPU
		{999FED02-ECBE-4597-8CDC-92510A2D1386}.Linux|x86.ActiveCfg = Linux|Any CPU
		{999FED02-ECBE-4597-8CDC-92510A2D1386}.OSX|Any CPU.ActiveCfg = OSX|Any CPU
		{999FED02-ECBE-4597-8CDC-92510A2D1386}.OSX|Mixed Platforms.ActiveCfg = OSX|Any CPU
		{999FED02-ECBE-4597-8CDC-92510A2D1386}.OSX|x86.ActiveCfg = OSX|Any CPU
		{999FED02-ECBE-4597-8CDC-92510A2D1386}.PSM|Any CPU.ActiveCfg = PSM|Any CPU
		{999FED02-ECBE-4597-8CDC-92510A2D1386}.PSM|Mixed Platforms.ActiveCfg = PSM|Any CPU
		{999FED02-ECBE-4597-8CDC-92510A2D1386}.PSM|x86.ActiveCfg = PSM|Any CPU
		{999FED02-ECBE-4597-8CDC-92510A2D1386}.Release|Any CPU.ActiveCfg = PSM|Any CPU
		{999FED02-ECBE-4597-8CDC-92510A2D1386}.Release|Mixed Platforms.ActiveCfg = PSM|Any CPU
		{999FED02-ECBE-4597-8CDC-92510A2D1386}.Release|x86.ActiveCfg = PSM|Any CPU
		{999FED02-ECBE-4597-8CDC-92510A2D1386}.Windows|Any CPU.ActiveCfg = Windows|Any CPU
		{999FED02-ECBE-4597-8CDC-92510A2D1386}.Windows|Mixed Platforms.ActiveCfg = Windows|Any CPU
		{999FED02-ECBE-4597-8CDC-92510A2D1386}.Windows|x86.ActiveCfg = Windows|Any CPU
		{999FED02-ECBE-4597-8CDC-92510A2D1386}.Windows8|Any CPU.ActiveCfg = Windows8|Any CPU
		{999FED02-ECBE-4597-8CDC-92510A2D1386}.Windows8|Mixed Platforms.ActiveCfg = Windows8|Any CPU
		{999FED02-ECBE-4597-8CDC-92510A2D1386}.Windows8|x86.ActiveCfg = Windows8|Any CPU
	EndGlobalSection
	GlobalSection(SolutionProperties) = preSolution
		HideSolutionNode = FALSE
	EndGlobalSection
EndGlobal
